Microsoft Visual Studio Solution File, Format Version 11.00
# Visual Studio 2008

Project("{D53AE3F1-BE7B-A45F-18C3-54CBE708EBB8}") = "Car-Diver Project", "Assembly-CSharp-firstpass-vs.csproj", "{B8C6FFA0-2203-3AD8-18BF-B01E1D0FE9ED}"
EndProject
Project("{D53AE3F1-BE7B-A45F-18C3-54CBE708EBB8}") = "Car-Diver Project", "Assembly-CSharp-vs.csproj", "{3591783D-E53A-A57E-7726-B9EA9B15928E}"
EndProject
Global
	GlobalSection(SolutionConfigurationPlatforms) = preSolution
		Debug|Any CPU = Debug|Any CPU
		Release|Any CPU = Release|Any CPU
	EndGlobalSection
	GlobalSection(ProjectConfigurationPlatforms) = postSolution
		{B8C6FFA0-2203-3AD8-18BF-B01E1D0FE9ED}.Debug|Any CPU.ActiveCfg = Debug|Any CPU
		{B8C6FFA0-2203-3AD8-18BF-B01E1D0FE9ED}.Debug|Any CPU.Build.0 = Debug|Any CPU
		{B8C6FFA0-2203-3AD8-18BF-B01E1D0FE9ED}.Release|Any CPU.ActiveCfg = Release|Any CPU
		{B8C6FFA0-2203-3AD8-18BF-B01E1D0FE9ED}.Release|Any CPU.Build.0 = Release|Any CPU
		{3591783D-E53A-A57E-7726-B9EA9B15928E}.Debug|Any CPU.ActiveCfg = Debug|Any CPU
		{3591783D-E53A-A57E-7726-B9EA9B15928E}.Debug|Any CPU.Build.0 = Debug|Any CPU
		{3591783D-E53A-A57E-7726-B9EA9B15928E}.Release|Any CPU.ActiveCfg = Release|Any CPU
		{3591783D-E53A-A57E-7726-B9EA9B15928E}.Release|Any CPU.Build.0 = Release|Any CPU
	EndGlobalSection
	GlobalSection(SolutionProperties) = preSolution
		HideSolutionNode = FALSE
	EndGlobalSection
		GlobalSection(MonoDevelopProperties) = preSolution
		StartupItem = Assembly-CSharp.csproj
		Policies = $0
		$0.TextStylePolicy = $1
		$1.inheritsSet = null
		$1.scope = text/x-csharp
		$0.CSharpFormattingPolicy = $2
		$2.inheritsSet = Mono
		$2.inheritsScope = text/x-csharp
		$2.scope = text/x-csharp
		$0.TextStylePolicy = $3
		$3.FileWidth = 120
		$3.TabWidth = 4
		$3.IndentWidth = 4
		$3.EolMarker = Unix
		$3.inheritsSet = Mono
		$3.inheritsScope = text/plain
		$3.scope = text/plain
	EndGlobalSection

EndGlobal
